// !$*UTF8*$!
{
	archiveVersion = 1;
	classes = {
	};
	objectVersion = 51;
	objects = {

/* Begin PBXBuildFile section */
		998900B044B6D14F011B6A54 /* Pods_movieAppTests.framework in Frameworks */ = {isa = PBXBuildFile; fileRef = 9E3A5F2CFE01CE7614385B0F /* Pods_movieAppTests.framework */; };
		AB72C614D986FFA1F29834F1 /* Pods_movieApp_movieAppUITests.framework in Frameworks */ = {isa = PBXBuildFile; fileRef = 5812CAAC7F735D0275C3D8CB /* Pods_movieApp_movieAppUITests.framework */; };
		DE057DFF246B07F2007FE953 /* Client.swift in Sources */ = {isa = PBXBuildFile; fileRef = DE057DFE246B07F2007FE953 /* Client.swift */; };
		DE057E01246B0868007FE953 /* NetworkConstants.swift in Sources */ = {isa = PBXBuildFile; fileRef = DE057E00246B0868007FE953 /* NetworkConstants.swift */; };
		DE057E04246B0BC4007FE953 /* PopularMoviesResponse.swift in Sources */ = {isa = PBXBuildFile; fileRef = DE057E03246B0BC4007FE953 /* PopularMoviesResponse.swift */; };
		DE293BDA246C3114006A07B3 /* DetailMovieResponse.swift in Sources */ = {isa = PBXBuildFile; fileRef = DE293BD9246C3114006A07B3 /* DetailMovieResponse.swift */; };
		DE293BE2246C61C4006A07B3 /* MovieDetail.storyboard in Resources */ = {isa = PBXBuildFile; fileRef = DE293BE1246C61C4006A07B3 /* MovieDetail.storyboard */; };
		DE293BE4246C65DE006A07B3 /* PopularMoviesTableViewCell.swift in Sources */ = {isa = PBXBuildFile; fileRef = DE293BE3246C65DE006A07B3 /* PopularMoviesTableViewCell.swift */; };
		DE293BE6246C66F5006A07B3 /* PopularMoviesTableViewCell.xib in Resources */ = {isa = PBXBuildFile; fileRef = DE293BE5246C66F5006A07B3 /* PopularMoviesTableViewCell.xib */; };
		DE293BE8246C6773006A07B3 /* PopularMoviesTableView.swift in Sources */ = {isa = PBXBuildFile; fileRef = DE293BE7246C6773006A07B3 /* PopularMoviesTableView.swift */; };
		DE293BEA246C6DFD006A07B3 /* PopularMoviesViewController.swift in Sources */ = {isa = PBXBuildFile; fileRef = DE293BE9246C6DFD006A07B3 /* PopularMoviesViewController.swift */; };
		DE293BEC246C6F45006A07B3 /* NetworkManager.swift in Sources */ = {isa = PBXBuildFile; fileRef = DE293BEB246C6F45006A07B3 /* NetworkManager.swift */; };
		DE293BEE246C7119006A07B3 /* RPCircularProgress.swift in Sources */ = {isa = PBXBuildFile; fileRef = DE293BED246C7119006A07B3 /* RPCircularProgress.swift */; };
		DE293BF1246C7AB7006A07B3 /* UIImageView+downloaded.swift in Sources */ = {isa = PBXBuildFile; fileRef = DE293BF0246C7AB7006A07B3 /* UIImageView+downloaded.swift */; };
		DE293BF3246C7B1C006A07B3 /* MovieDetailViewController.swift in Sources */ = {isa = PBXBuildFile; fileRef = DE293BF2246C7B1C006A07B3 /* MovieDetailViewController.swift */; };
		DE4CF99A24698C56005469CB /* AppDelegate.swift in Sources */ = {isa = PBXBuildFile; fileRef = DE4CF99924698C56005469CB /* AppDelegate.swift */; };
		DE4CF9A124698C56005469CB /* PopularMovies.storyboard in Resources */ = {isa = PBXBuildFile; fileRef = DE4CF99F24698C56005469CB /* PopularMovies.storyboard */; };
		DE4CF9A324698C5B005469CB /* Assets.xcassets in Resources */ = {isa = PBXBuildFile; fileRef = DE4CF9A224698C5B005469CB /* Assets.xcassets */; };
		DE4CF9A624698C5B005469CB /* LaunchScreen.storyboard in Resources */ = {isa = PBXBuildFile; fileRef = DE4CF9A424698C5B005469CB /* LaunchScreen.storyboard */; };
		DE4CF9B124698C5B005469CB /* movieAppTests.swift in Sources */ = {isa = PBXBuildFile; fileRef = DE4CF9B024698C5B005469CB /* movieAppTests.swift */; };
		DE4CF9BC24698C5B005469CB /* movieAppUITests.swift in Sources */ = {isa = PBXBuildFile; fileRef = DE4CF9BB24698C5B005469CB /* movieAppUITests.swift */; };
		E5AE2D289D3CADDE7C08B28D /* Pods_movieApp.framework in Frameworks */ = {isa = PBXBuildFile; fileRef = 435F70384CE314366FF47011 /* Pods_movieApp.framework */; };
/* End PBXBuildFile section */

/* Begin PBXContainerItemProxy section */
		DE4CF9AD24698C5B005469CB /* PBXContainerItemProxy */ = {
			isa = PBXContainerItemProxy;
			containerPortal = DE4CF98E24698C56005469CB /* Project object */;
			proxyType = 1;
			remoteGlobalIDString = DE4CF99524698C56005469CB;
			remoteInfo = movieApp;
		};
		DE4CF9B824698C5B005469CB /* PBXContainerItemProxy */ = {
			isa = PBXContainerItemProxy;
			containerPortal = DE4CF98E24698C56005469CB /* Project object */;
			proxyType = 1;
			remoteGlobalIDString = DE4CF99524698C56005469CB;
			remoteInfo = movieApp;
		};
/* End PBXContainerItemProxy section */

/* Begin PBXFileReference section */
		435F70384CE314366FF47011 /* Pods_movieApp.framework */ = {isa = PBXFileReference; explicitFileType = wrapper.framework; includeInIndex = 0; path = Pods_movieApp.framework; sourceTree = BUILT_PRODUCTS_DIR; };
		5812CAAC7F735D0275C3D8CB /* Pods_movieApp_movieAppUITests.framework */ = {isa = PBXFileReference; explicitFileType = wrapper.framework; includeInIndex = 0; path = Pods_movieApp_movieAppUITests.framework; sourceTree = BUILT_PRODUCTS_DIR; };
		7CE25F1B525FDD48DA478ED6 /* Pods-movieApp.debug.xcconfig */ = {isa = PBXFileReference; includeInIndex = 1; lastKnownFileType = text.xcconfig; name = "Pods-movieApp.debug.xcconfig"; path = "Target Support Files/Pods-movieApp/Pods-movieApp.debug.xcconfig"; sourceTree = "<group>"; };
		98A2D8015C4AEA90FC9D0DA9 /* Pods-movieApp-movieAppUITests.debug.xcconfig */ = {isa = PBXFileReference; includeInIndex = 1; lastKnownFileType = text.xcconfig; name = "Pods-movieApp-movieAppUITests.debug.xcconfig"; path = "Target Support Files/Pods-movieApp-movieAppUITests/Pods-movieApp-movieAppUITests.debug.xcconfig"; sourceTree = "<group>"; };
		9BAB4BB696752ADF7009D956 /* Pods-movieApp-movieAppUITests.release.xcconfig */ = {isa = PBXFileReference; includeInIndex = 1; lastKnownFileType = text.xcconfig; name = "Pods-movieApp-movieAppUITests.release.xcconfig"; path = "Target Support Files/Pods-movieApp-movieAppUITests/Pods-movieApp-movieAppUITests.release.xcconfig"; sourceTree = "<group>"; };
		9E3A5F2CFE01CE7614385B0F /* Pods_movieAppTests.framework */ = {isa = PBXFileReference; explicitFileType = wrapper.framework; includeInIndex = 0; path = Pods_movieAppTests.framework; sourceTree = BUILT_PRODUCTS_DIR; };
		C4CFAAD61A6553779220DC74 /* Pods-movieAppTests.release.xcconfig */ = {isa = PBXFileReference; includeInIndex = 1; lastKnownFileType = text.xcconfig; name = "Pods-movieAppTests.release.xcconfig"; path = "Target Support Files/Pods-movieAppTests/Pods-movieAppTests.release.xcconfig"; sourceTree = "<group>"; };
		DE057DFE246B07F2007FE953 /* Client.swift */ = {isa = PBXFileReference; lastKnownFileType = sourcecode.swift; path = Client.swift; sourceTree = "<group>"; };
		DE057E00246B0868007FE953 /* NetworkConstants.swift */ = {isa = PBXFileReference; lastKnownFileType = sourcecode.swift; path = NetworkConstants.swift; sourceTree = "<group>"; };
		DE057E03246B0BC4007FE953 /* PopularMoviesResponse.swift */ = {isa = PBXFileReference; lastKnownFileType = sourcecode.swift; path = PopularMoviesResponse.swift; sourceTree = "<group>"; };
		DE293BD9246C3114006A07B3 /* DetailMovieResponse.swift */ = {isa = PBXFileReference; lastKnownFileType = sourcecode.swift; path = DetailMovieResponse.swift; sourceTree = "<group>"; };
		DE293BE1246C61C4006A07B3 /* MovieDetail.storyboard */ = {isa = PBXFileReference; lastKnownFileType = file.storyboard; path = MovieDetail.storyboard; sourceTree = "<group>"; };
		DE293BE3246C65DE006A07B3 /* PopularMoviesTableViewCell.swift */ = {isa = PBXFileReference; lastKnownFileType = sourcecode.swift; path = PopularMoviesTableViewCell.swift; sourceTree = "<group>"; };
		DE293BE5246C66F5006A07B3 /* PopularMoviesTableViewCell.xib */ = {isa = PBXFileReference; lastKnownFileType = file.xib; path = PopularMoviesTableViewCell.xib; sourceTree = "<group>"; };
		DE293BE7246C6773006A07B3 /* PopularMoviesTableView.swift */ = {isa = PBXFileReference; lastKnownFileType = sourcecode.swift; path = PopularMoviesTableView.swift; sourceTree = "<group>"; };
		DE293BE9246C6DFD006A07B3 /* PopularMoviesViewController.swift */ = {isa = PBXFileReference; lastKnownFileType = sourcecode.swift; path = PopularMoviesViewController.swift; sourceTree = "<group>"; };
		DE293BEB246C6F45006A07B3 /* NetworkManager.swift */ = {isa = PBXFileReference; lastKnownFileType = sourcecode.swift; path = NetworkManager.swift; sourceTree = "<group>"; };
		DE293BED246C7119006A07B3 /* RPCircularProgress.swift */ = {isa = PBXFileReference; lastKnownFileType = sourcecode.swift; path = RPCircularProgress.swift; sourceTree = "<group>"; };
		DE293BF0246C7AB7006A07B3 /* UIImageView+downloaded.swift */ = {isa = PBXFileReference; lastKnownFileType = sourcecode.swift; path = "UIImageView+downloaded.swift"; sourceTree = "<group>"; };
		DE293BF2246C7B1C006A07B3 /* MovieDetailViewController.swift */ = {isa = PBXFileReference; lastKnownFileType = sourcecode.swift; path = MovieDetailViewController.swift; sourceTree = "<group>"; };
		DE4CF99624698C56005469CB /* movieApp.app */ = {isa = PBXFileReference; explicitFileType = wrapper.application; includeInIndex = 0; path = movieApp.app; sourceTree = BUILT_PRODUCTS_DIR; };
		DE4CF99924698C56005469CB /* AppDelegate.swift */ = {isa = PBXFileReference; lastKnownFileType = sourcecode.swift; path = AppDelegate.swift; sourceTree = "<group>"; };
		DE4CF9A024698C56005469CB /* Base */ = {isa = PBXFileReference; lastKnownFileType = file.storyboard; name = Base; path = Base.lproj/PopularMovies.storyboard; sourceTree = "<group>"; };
		DE4CF9A224698C5B005469CB /* Assets.xcassets */ = {isa = PBXFileReference; lastKnownFileType = folder.assetcatalog; path = Assets.xcassets; sourceTree = "<group>"; };
		DE4CF9A524698C5B005469CB /* Base */ = {isa = PBXFileReference; lastKnownFileType = file.storyboard; name = Base; path = Base.lproj/LaunchScreen.storyboard; sourceTree = "<group>"; };
		DE4CF9A724698C5B005469CB /* Info.plist */ = {isa = PBXFileReference; lastKnownFileType = text.plist.xml; path = Info.plist; sourceTree = "<group>"; };
		DE4CF9AC24698C5B005469CB /* movieAppTests.xctest */ = {isa = PBXFileReference; explicitFileType = wrapper.cfbundle; includeInIndex = 0; path = movieAppTests.xctest; sourceTree = BUILT_PRODUCTS_DIR; };
		DE4CF9B024698C5B005469CB /* movieAppTests.swift */ = {isa = PBXFileReference; lastKnownFileType = sourcecode.swift; path = movieAppTests.swift; sourceTree = "<group>"; };
		DE4CF9B224698C5B005469CB /* Info.plist */ = {isa = PBXFileReference; lastKnownFileType = text.plist.xml; path = Info.plist; sourceTree = "<group>"; };
		DE4CF9B724698C5B005469CB /* movieAppUITests.xctest */ = {isa = PBXFileReference; explicitFileType = wrapper.cfbundle; includeInIndex = 0; path = movieAppUITests.xctest; sourceTree = BUILT_PRODUCTS_DIR; };
		DE4CF9BB24698C5B005469CB /* movieAppUITests.swift */ = {isa = PBXFileReference; lastKnownFileType = sourcecode.swift; path = movieAppUITests.swift; sourceTree = "<group>"; };
		DE4CF9BD24698C5B005469CB /* Info.plist */ = {isa = PBXFileReference; lastKnownFileType = text.plist.xml; path = Info.plist; sourceTree = "<group>"; };
		E697B364C05320867C711677 /* Pods-movieApp.release.xcconfig */ = {isa = PBXFileReference; includeInIndex = 1; lastKnownFileType = text.xcconfig; name = "Pods-movieApp.release.xcconfig"; path = "Target Support Files/Pods-movieApp/Pods-movieApp.release.xcconfig"; sourceTree = "<group>"; };
		FE8C1D003E4EBABDD5052796 /* Pods-movieAppTests.debug.xcconfig */ = {isa = PBXFileReference; includeInIndex = 1; lastKnownFileType = text.xcconfig; name = "Pods-movieAppTests.debug.xcconfig"; path = "Target Support Files/Pods-movieAppTests/Pods-movieAppTests.debug.xcconfig"; sourceTree = "<group>"; };
/* End PBXFileReference section */

/* Begin PBXFrameworksBuildPhase section */
		DE4CF99324698C56005469CB /* Frameworks */ = {
			isa = PBXFrameworksBuildPhase;
			buildActionMask = 2147483647;
			files = (
				E5AE2D289D3CADDE7C08B28D /* Pods_movieApp.framework in Frameworks */,
			);
			runOnlyForDeploymentPostprocessing = 0;
		};
		DE4CF9A924698C5B005469CB /* Frameworks */ = {
			isa = PBXFrameworksBuildPhase;
			buildActionMask = 2147483647;
			files = (
				998900B044B6D14F011B6A54 /* Pods_movieAppTests.framework in Frameworks */,
			);
			runOnlyForDeploymentPostprocessing = 0;
		};
		DE4CF9B424698C5B005469CB /* Frameworks */ = {
			isa = PBXFrameworksBuildPhase;
			buildActionMask = 2147483647;
			files = (
				AB72C614D986FFA1F29834F1 /* Pods_movieApp_movieAppUITests.framework in Frameworks */,
			);
			runOnlyForDeploymentPostprocessing = 0;
		};
/* End PBXFrameworksBuildPhase section */

/* Begin PBXGroup section */
		5172DB37F1E9B4B3515140EC /* Pods */ = {
			isa = PBXGroup;
			children = (
				7CE25F1B525FDD48DA478ED6 /* Pods-movieApp.debug.xcconfig */,
				E697B364C05320867C711677 /* Pods-movieApp.release.xcconfig */,
				98A2D8015C4AEA90FC9D0DA9 /* Pods-movieApp-movieAppUITests.debug.xcconfig */,
				9BAB4BB696752ADF7009D956 /* Pods-movieApp-movieAppUITests.release.xcconfig */,
				FE8C1D003E4EBABDD5052796 /* Pods-movieAppTests.debug.xcconfig */,
				C4CFAAD61A6553779220DC74 /* Pods-movieAppTests.release.xcconfig */,
			);
			path = Pods;
			sourceTree = "<group>";
		};
		C99F9A57D2DAE6E361318696 /* Frameworks */ = {
			isa = PBXGroup;
			children = (
				435F70384CE314366FF47011 /* Pods_movieApp.framework */,
				5812CAAC7F735D0275C3D8CB /* Pods_movieApp_movieAppUITests.framework */,
				9E3A5F2CFE01CE7614385B0F /* Pods_movieAppTests.framework */,
			);
			name = Frameworks;
			sourceTree = "<group>";
		};
		DE057DFD246B07A5007FE953 /* Network */ = {
			isa = PBXGroup;
			children = (
				DE293BEF246C7A8E006A07B3 /* Utils */,
				DE293BDB246C5E96006A07B3 /* Providers */,
				DE057E02246B0B2B007FE953 /* Responses */,
				DE057E00246B0868007FE953 /* NetworkConstants.swift */,
				DE293BEB246C6F45006A07B3 /* NetworkManager.swift */,
			);
			path = Network;
			sourceTree = "<group>";
		};
		DE057E02246B0B2B007FE953 /* Responses */ = {
			isa = PBXGroup;
			children = (
				DE057E03246B0BC4007FE953 /* PopularMoviesResponse.swift */,
				DE293BD9246C3114006A07B3 /* DetailMovieResponse.swift */,
			);
			path = Responses;
			sourceTree = "<group>";
		};
		DE293BDB246C5E96006A07B3 /* Providers */ = {
			isa = PBXGroup;
			children = (
				DE057DFE246B07F2007FE953 /* Client.swift */,
			);
			path = Providers;
			sourceTree = "<group>";
		};
		DE293BDC246C5EC2006A07B3 /* UI */ = {
			isa = PBXGroup;
			children = (
				DE293BE0246C6186006A07B3 /* PopularMoviesTableView */,
				DE293BED246C7119006A07B3 /* RPCircularProgress.swift */,
			);
			path = UI;
			sourceTree = "<group>";
		};
		DE293BDD246C5ECA006A07B3 /* StoryBoards */ = {
			isa = PBXGroup;
			children = (
				DE4CF9A424698C5B005469CB /* LaunchScreen.storyboard */,
				DE4CF99F24698C56005469CB /* PopularMovies.storyboard */,
				DE293BE1246C61C4006A07B3 /* MovieDetail.storyboard */,
			);
			path = StoryBoards;
			sourceTree = "<group>";
		};
		DE293BDE246C5ED9006A07B3 /* ViewControllers */ = {
			isa = PBXGroup;
			children = (
				DE293BE9246C6DFD006A07B3 /* PopularMoviesViewController.swift */,
				DE293BF2246C7B1C006A07B3 /* MovieDetailViewController.swift */,
			);
			path = ViewControllers;
			sourceTree = "<group>";
		};
		DE293BE0246C6186006A07B3 /* PopularMoviesTableView */ = {
			isa = PBXGroup;
			children = (
				DE293BE7246C6773006A07B3 /* PopularMoviesTableView.swift */,
				DE293BE3246C65DE006A07B3 /* PopularMoviesTableViewCell.swift */,
				DE293BE5246C66F5006A07B3 /* PopularMoviesTableViewCell.xib */,
			);
			path = PopularMoviesTableView;
			sourceTree = "<group>";
		};
		DE293BEF246C7A8E006A07B3 /* Utils */ = {
			isa = PBXGroup;
			children = (
				DE293BF0246C7AB7006A07B3 /* UIImageView+downloaded.swift */,
			);
			path = Utils;
			sourceTree = "<group>";
		};
		DE4CF98D24698C56005469CB = {
			isa = PBXGroup;
			children = (
				DE4CF99824698C56005469CB /* movieApp */,
				DE4CF9AF24698C5B005469CB /* movieAppTests */,
				DE4CF9BA24698C5B005469CB /* movieAppUITests */,
				DE4CF99724698C56005469CB /* Products */,
				5172DB37F1E9B4B3515140EC /* Pods */,
				C99F9A57D2DAE6E361318696 /* Frameworks */,
			);
			sourceTree = "<group>";
		};
		DE4CF99724698C56005469CB /* Products */ = {
			isa = PBXGroup;
			children = (
				DE4CF99624698C56005469CB /* movieApp.app */,
				DE4CF9AC24698C5B005469CB /* movieAppTests.xctest */,
				DE4CF9B724698C5B005469CB /* movieAppUITests.xctest */,
			);
			name = Products;
			sourceTree = "<group>";
		};
		DE4CF99824698C56005469CB /* movieApp */ = {
			isa = PBXGroup;
			children = (
				DE4CF99924698C56005469CB /* AppDelegate.swift */,
				DE4CF9A724698C5B005469CB /* Info.plist */,
				DE4CF9A224698C5B005469CB /* Assets.xcassets */,
				DE293BDC246C5EC2006A07B3 /* UI */,
				DE057DFD246B07A5007FE953 /* Network */,
				DE293BDE246C5ED9006A07B3 /* ViewControllers */,
				DE293BDD246C5ECA006A07B3 /* StoryBoards */,
			);
			path = movieApp;
			sourceTree = "<group>";
		};
		DE4CF9AF24698C5B005469CB /* movieAppTests */ = {
			isa = PBXGroup;
			children = (
				DE4CF9B024698C5B005469CB /* movieAppTests.swift */,
				DE4CF9B224698C5B005469CB /* Info.plist */,
			);
			path = movieAppTests;
			sourceTree = "<group>";
		};
		DE4CF9BA24698C5B005469CB /* movieAppUITests */ = {
			isa = PBXGroup;
			children = (
				DE4CF9BB24698C5B005469CB /* movieAppUITests.swift */,
				DE4CF9BD24698C5B005469CB /* Info.plist */,
			);
			path = movieAppUITests;
			sourceTree = "<group>";
		};
/* End PBXGroup section */

/* Begin PBXNativeTarget section */
		DE4CF99524698C56005469CB /* movieApp */ = {
			isa = PBXNativeTarget;
			buildConfigurationList = DE4CF9C024698C5B005469CB /* Build configuration list for PBXNativeTarget "movieApp" */;
			buildPhases = (
				6EB2CBD03BC9006BB24F6ECF /* [CP] Check Pods Manifest.lock */,
				DE4CF99224698C56005469CB /* Sources */,
				DE4CF99324698C56005469CB /* Frameworks */,
				DE4CF99424698C56005469CB /* Resources */,
				EDA8DD3E7159166ABE32204A /* [CP] Embed Pods Frameworks */,
			);
			buildRules = (
			);
			dependencies = (
			);
			name = movieApp;
			productName = movieApp;
			productReference = DE4CF99624698C56005469CB /* movieApp.app */;
			productType = "com.apple.product-type.application";
		};
		DE4CF9AB24698C5B005469CB /* movieAppTests */ = {
			isa = PBXNativeTarget;
			buildConfigurationList = DE4CF9C324698C5B005469CB /* Build configuration list for PBXNativeTarget "movieAppTests" */;
			buildPhases = (
				ACB0FC35C9B59E284E26C4F1 /* [CP] Check Pods Manifest.lock */,
				DE4CF9A824698C5B005469CB /* Sources */,
				DE4CF9A924698C5B005469CB /* Frameworks */,
				DE4CF9AA24698C5B005469CB /* Resources */,
			);
			buildRules = (
			);
			dependencies = (
				DE4CF9AE24698C5B005469CB /* PBXTargetDependency */,
			);
			name = movieAppTests;
			productName = movieAppTests;
			productReference = DE4CF9AC24698C5B005469CB /* movieAppTests.xctest */;
			productType = "com.apple.product-type.bundle.unit-test";
		};
		DE4CF9B624698C5B005469CB /* movieAppUITests */ = {
			isa = PBXNativeTarget;
			buildConfigurationList = DE4CF9C624698C5B005469CB /* Build configuration list for PBXNativeTarget "movieAppUITests" */;
			buildPhases = (
				04C30ADF8993C0114DCDACBC /* [CP] Check Pods Manifest.lock */,
				DE4CF9B324698C5B005469CB /* Sources */,
				DE4CF9B424698C5B005469CB /* Frameworks */,
				DE4CF9B524698C5B005469CB /* Resources */,
				A1CBFA736974A0B8959E2E58 /* [CP] Embed Pods Frameworks */,
			);
			buildRules = (
			);
			dependencies = (
				DE4CF9B924698C5B005469CB /* PBXTargetDependency */,
			);
			name = movieAppUITests;
			productName = movieAppUITests;
			productReference = DE4CF9B724698C5B005469CB /* movieAppUITests.xctest */;
			productType = "com.apple.product-type.bundle.ui-testing";
		};
/* End PBXNativeTarget section */

/* Begin PBXProject section */
		DE4CF98E24698C56005469CB /* Project object */ = {
			isa = PBXProject;
			attributes = {
				LastSwiftUpdateCheck = 1140;
				LastUpgradeCheck = 1140;
				ORGANIZATIONNAME = "Mattia La Spina";
				TargetAttributes = {
					DE4CF99524698C56005469CB = {
						CreatedOnToolsVersion = 11.4.1;
					};
					DE4CF9AB24698C5B005469CB = {
						CreatedOnToolsVersion = 11.4.1;
						TestTargetID = DE4CF99524698C56005469CB;
					};
					DE4CF9B624698C5B005469CB = {
						CreatedOnToolsVersion = 11.4.1;
						TestTargetID = DE4CF99524698C56005469CB;
					};
				};
			};
			buildConfigurationList = DE4CF99124698C56005469CB /* Build configuration list for PBXProject "movieApp" */;
			compatibilityVersion = "Xcode 9.3";
			developmentRegion = en;
			hasScannedForEncodings = 0;
			knownRegions = (
				en,
				Base,
			);
			mainGroup = DE4CF98D24698C56005469CB;
			productRefGroup = DE4CF99724698C56005469CB /* Products */;
			projectDirPath = "";
			projectRoot = "";
			targets = (
				DE4CF99524698C56005469CB /* movieApp */,
				DE4CF9AB24698C5B005469CB /* movieAppTests */,
				DE4CF9B624698C5B005469CB /* movieAppUITests */,
			);
		};
/* End PBXProject section */

/* Begin PBXResourcesBuildPhase section */
		DE4CF99424698C56005469CB /* Resources */ = {
			isa = PBXResourcesBuildPhase;
			buildActionMask = 2147483647;
			files = (
				DE293BE2246C61C4006A07B3 /* MovieDetail.storyboard in Resources */,
				DE4CF9A624698C5B005469CB /* LaunchScreen.storyboard in Resources */,
				DE4CF9A324698C5B005469CB /* Assets.xcassets in Resources */,
				DE4CF9A124698C56005469CB /* PopularMovies.storyboard in Resources */,
				DE293BE6246C66F5006A07B3 /* PopularMoviesTableViewCell.xib in Resources */,
			);
			runOnlyForDeploymentPostprocessing = 0;
		};
		DE4CF9AA24698C5B005469CB /* Resources */ = {
			isa = PBXResourcesBuildPhase;
			buildActionMask = 2147483647;
			files = (
			);
			runOnlyForDeploymentPostprocessing = 0;
		};
		DE4CF9B524698C5B005469CB /* Resources */ = {
			isa = PBXResourcesBuildPhase;
			buildActionMask = 2147483647;
			files = (
			);
			runOnlyForDeploymentPostprocessing = 0;
		};
/* End PBXResourcesBuildPhase section */

/* Begin PBXShellScriptBuildPhase section */
		04C30ADF8993C0114DCDACBC /* [CP] Check Pods Manifest.lock */ = {
			isa = PBXShellScriptBuildPhase;
			buildActionMask = 2147483647;
			files = (
			);
			inputFileListPaths = (
			);
			inputPaths = (
				"${PODS_PODFILE_DIR_PATH}/Podfile.lock",
				"${PODS_ROOT}/Manifest.lock",
			);
			name = "[CP] Check Pods Manifest.lock";
			outputFileListPaths = (
			);
			outputPaths = (
				"$(DERIVED_FILE_DIR)/Pods-movieApp-movieAppUITests-checkManifestLockResult.txt",
			);
			runOnlyForDeploymentPostprocessing = 0;
			shellPath = /bin/sh;
			shellScript = "diff \"${PODS_PODFILE_DIR_PATH}/Podfile.lock\" \"${PODS_ROOT}/Manifest.lock\" > /dev/null\nif [ $? != 0 ] ; then\n    # print error to STDERR\n    echo \"error: The sandbox is not in sync with the Podfile.lock. Run 'pod install' or update your CocoaPods installation.\" >&2\n    exit 1\nfi\n# This output is used by Xcode 'outputs' to avoid re-running this script phase.\necho \"SUCCESS\" > \"${SCRIPT_OUTPUT_FILE_0}\"\n";
			showEnvVarsInLog = 0;
		};
		6EB2CBD03BC9006BB24F6ECF /* [CP] Check Pods Manifest.lock */ = {
			isa = PBXShellScriptBuildPhase;
			buildActionMask = 2147483647;
			files = (
			);
			inputFileListPaths = (
			);
			inputPaths = (
				"${PODS_PODFILE_DIR_PATH}/Podfile.lock",
				"${PODS_ROOT}/Manifest.lock",
			);
			name = "[CP] Check Pods Manifest.lock";
			outputFileListPaths = (
			);
			outputPaths = (
				"$(DERIVED_FILE_DIR)/Pods-movieApp-checkManifestLockResult.txt",
			);
			runOnlyForDeploymentPostprocessing = 0;
			shellPath = /bin/sh;
			shellScript = "diff \"${PODS_PODFILE_DIR_PATH}/Podfile.lock\" \"${PODS_ROOT}/Manifest.lock\" > /dev/null\nif [ $? != 0 ] ; then\n    # print error to STDERR\n    echo \"error: The sandbox is not in sync with the Podfile.lock. Run 'pod install' or update your CocoaPods installation.\" >&2\n    exit 1\nfi\n# This output is used by Xcode 'outputs' to avoid re-running this script phase.\necho \"SUCCESS\" > \"${SCRIPT_OUTPUT_FILE_0}\"\n";
			showEnvVarsInLog = 0;
		};
		A1CBFA736974A0B8959E2E58 /* [CP] Embed Pods Frameworks */ = {
			isa = PBXShellScriptBuildPhase;
			buildActionMask = 2147483647;
			files = (
			);
			inputFileListPaths = (
				"${PODS_ROOT}/Target Support Files/Pods-movieApp-movieAppUITests/Pods-movieApp-movieAppUITests-frameworks-${CONFIGURATION}-input-files.xcfilelist",
			);
			name = "[CP] Embed Pods Frameworks";
			outputFileListPaths = (
				"${PODS_ROOT}/Target Support Files/Pods-movieApp-movieAppUITests/Pods-movieApp-movieAppUITests-frameworks-${CONFIGURATION}-output-files.xcfilelist",
			);
			runOnlyForDeploymentPostprocessing = 0;
			shellPath = /bin/sh;
			shellScript = "\"${PODS_ROOT}/Target Support Files/Pods-movieApp-movieAppUITests/Pods-movieApp-movieAppUITests-frameworks.sh\"\n";
			showEnvVarsInLog = 0;
		};
		ACB0FC35C9B59E284E26C4F1 /* [CP] Check Pods Manifest.lock */ = {
			isa = PBXShellScriptBuildPhase;
			buildActionMask = 2147483647;
			files = (
			);
			inputFileListPaths = (
			);
			inputPaths = (
				"${PODS_PODFILE_DIR_PATH}/Podfile.lock",
				"${PODS_ROOT}/Manifest.lock",
			);
			name = "[CP] Check Pods Manifest.lock";
			outputFileListPaths = (
			);
			outputPaths = (
				"$(DERIVED_FILE_DIR)/Pods-movieAppTests-checkManifestLockResult.txt",
			);
			runOnlyForDeploymentPostprocessing = 0;
			shellPath = /bin/sh;
			shellScript = "diff \"${PODS_PODFILE_DIR_PATH}/Podfile.lock\" \"${PODS_ROOT}/Manifest.lock\" > /dev/null\nif [ $? != 0 ] ; then\n    # print error to STDERR\n    echo \"error: The sandbox is not in sync with the Podfile.lock. Run 'pod install' or update your CocoaPods installation.\" >&2\n    exit 1\nfi\n# This output is used by Xcode 'outputs' to avoid re-running this script phase.\necho \"SUCCESS\" > \"${SCRIPT_OUTPUT_FILE_0}\"\n";
			showEnvVarsInLog = 0;
		};
		EDA8DD3E7159166ABE32204A /* [CP] Embed Pods Frameworks */ = {
			isa = PBXShellScriptBuildPhase;
			buildActionMask = 2147483647;
			files = (
			);
			inputFileListPaths = (
				"${PODS_ROOT}/Target Support Files/Pods-movieApp/Pods-movieApp-frameworks-${CONFIGURATION}-input-files.xcfilelist",
			);
			name = "[CP] Embed Pods Frameworks";
			outputFileListPaths = (
				"${PODS_ROOT}/Target Support Files/Pods-movieApp/Pods-movieApp-frameworks-${CONFIGURATION}-output-files.xcfilelist",
			);
			runOnlyForDeploymentPostprocessing = 0;
			shellPath = /bin/sh;
			shellScript = "\"${PODS_ROOT}/Target Support Files/Pods-movieApp/Pods-movieApp-frameworks.sh\"\n";
			showEnvVarsInLog = 0;
		};
/* End PBXShellScriptBuildPhase section */

/* Begin PBXSourcesBuildPhase section */
		DE4CF99224698C56005469CB /* Sources */ = {
			isa = PBXSourcesBuildPhase;
			buildActionMask = 2147483647;
			files = (
				DE293BE8246C6773006A07B3 /* PopularMoviesTableView.swift in Sources */,
				DE293BEC246C6F45006A07B3 /* NetworkManager.swift in Sources */,
				DE4CF99A24698C56005469CB /* AppDelegate.swift in Sources */,
				DE057E01246B0868007FE953 /* NetworkConstants.swift in Sources */,
				DE293BF3246C7B1C006A07B3 /* MovieDetailViewController.swift in Sources */,
				DE293BDA246C3114006A07B3 /* DetailMovieResponse.swift in Sources */,
				DE057DFF246B07F2007FE953 /* Client.swift in Sources */,
				DE293BEE246C7119006A07B3 /* RPCircularProgress.swift in Sources */,
				DE293BF1246C7AB7006A07B3 /* UIImageView+downloaded.swift in Sources */,
				DE057E04246B0BC4007FE953 /* PopularMoviesResponse.swift in Sources */,
				DE293BEA246C6DFD006A07B3 /* PopularMoviesViewController.swift in Sources */,
				DE293BE4246C65DE006A07B3 /* PopularMoviesTableViewCell.swift in Sources */,
			);
			runOnlyForDeploymentPostprocessing = 0;
		};
		DE4CF9A824698C5B005469CB /* Sources */ = {
			isa = PBXSourcesBuildPhase;
			buildActionMask = 2147483647;
			files = (
				DE4CF9B124698C5B005469CB /* movieAppTests.swift in Sources */,
			);
			runOnlyForDeploymentPostprocessing = 0;
		};
		DE4CF9B324698C5B005469CB /* Sources */ = {
			isa = PBXSourcesBuildPhase;
			buildActionMask = 2147483647;
			files = (
				DE4CF9BC24698C5B005469CB /* movieAppUITests.swift in Sources */,
			);
			runOnlyForDeploymentPostprocessing = 0;
		};
/* End PBXSourcesBuildPhase section */

/* Begin PBXTargetDependency section */
		DE4CF9AE24698C5B005469CB /* PBXTargetDependency */ = {
			isa = PBXTargetDependency;
			target = DE4CF99524698C56005469CB /* movieApp */;
			targetProxy = DE4CF9AD24698C5B005469CB /* PBXContainerItemProxy */;
		};
		DE4CF9B924698C5B005469CB /* PBXTargetDependency */ = {
			isa = PBXTargetDependency;
			target = DE4CF99524698C56005469CB /* movieApp */;
			targetProxy = DE4CF9B824698C5B005469CB /* PBXContainerItemProxy */;
		};
/* End PBXTargetDependency section */

/* Begin PBXVariantGroup section */
		DE4CF99F24698C56005469CB /* PopularMovies.storyboard */ = {
			isa = PBXVariantGroup;
			children = (
				DE4CF9A024698C56005469CB /* Base */,
			);
			name = PopularMovies.storyboard;
			sourceTree = "<group>";
		};
		DE4CF9A424698C5B005469CB /* LaunchScreen.storyboard */ = {
			isa = PBXVariantGroup;
			children = (
				DE4CF9A524698C5B005469CB /* Base */,
			);
			name = LaunchScreen.storyboard;
			sourceTree = "<group>";
		};
/* End PBXVariantGroup section */

/* Begin XCBuildConfiguration section */
		DE4CF9BE24698C5B005469CB /* Debug */ = {
			isa = XCBuildConfiguration;
			buildSettings = {
				ALWAYS_SEARCH_USER_PATHS = NO;
				CLANG_ANALYZER_NONNULL = YES;
				CLANG_ANALYZER_NUMBER_OBJECT_CONVERSION = YES_AGGRESSIVE;
				CLANG_CXX_LANGUAGE_STANDARD = "gnu++14";
				CLANG_CXX_LIBRARY = "libc++";
				CLANG_ENABLE_MODULES = YES;
				CLANG_ENABLE_OBJC_ARC = YES;
				CLANG_ENABLE_OBJC_WEAK = YES;
				CLANG_WARN_BLOCK_CAPTURE_AUTORELEASING = YES;
				CLANG_WARN_BOOL_CONVERSION = YES;
				CLANG_WARN_COMMA = YES;
				CLANG_WARN_CONSTANT_CONVERSION = YES;
				CLANG_WARN_DEPRECATED_OBJC_IMPLEMENTATIONS = YES;
				CLANG_WARN_DIRECT_OBJC_ISA_USAGE = YES_ERROR;
				CLANG_WARN_DOCUMENTATION_COMMENTS = YES;
				CLANG_WARN_EMPTY_BODY = YES;
				CLANG_WARN_ENUM_CONVERSION = YES;
				CLANG_WARN_INFINITE_RECURSION = YES;
				CLANG_WARN_INT_CONVERSION = YES;
				CLANG_WARN_NON_LITERAL_NULL_CONVERSION = YES;
				CLANG_WARN_OBJC_IMPLICIT_RETAIN_SELF = YES;
				CLANG_WARN_OBJC_LITERAL_CONVERSION = YES;
				CLANG_WARN_OBJC_ROOT_CLASS = YES_ERROR;
				CLANG_WARN_RANGE_LOOP_ANALYSIS = YES;
				CLANG_WARN_STRICT_PROTOTYPES = YES;
				CLANG_WARN_SUSPICIOUS_MOVE = YES;
				CLANG_WARN_UNGUARDED_AVAILABILITY = YES_AGGRESSIVE;
				CLANG_WARN_UNREACHABLE_CODE = YES;
				CLANG_WARN__DUPLICATE_METHOD_MATCH = YES;
				COPY_PHASE_STRIP = NO;
				DEBUG_INFORMATION_FORMAT = dwarf;
				ENABLE_STRICT_OBJC_MSGSEND = YES;
				ENABLE_TESTABILITY = YES;
				GCC_C_LANGUAGE_STANDARD = gnu11;
				GCC_DYNAMIC_NO_PIC = NO;
				GCC_NO_COMMON_BLOCKS = YES;
				GCC_OPTIMIZATION_LEVEL = 0;
				GCC_PREPROCESSOR_DEFINITIONS = (
					"DEBUG=1",
					"$(inherited)",
				);
				GCC_WARN_64_TO_32_BIT_CONVERSION = YES;
				GCC_WARN_ABOUT_RETURN_TYPE = YES_ERROR;
				GCC_WARN_UNDECLARED_SELECTOR = YES;
				GCC_WARN_UNINITIALIZED_AUTOS = YES_AGGRESSIVE;
				GCC_WARN_UNUSED_FUNCTION = YES;
				GCC_WARN_UNUSED_VARIABLE = YES;
				IPHONEOS_DEPLOYMENT_TARGET = 13.4;
				MTL_ENABLE_DEBUG_INFO = INCLUDE_SOURCE;
				MTL_FAST_MATH = YES;
				ONLY_ACTIVE_ARCH = YES;
				SDKROOT = iphoneos;
				SWIFT_ACTIVE_COMPILATION_CONDITIONS = DEBUG;
				SWIFT_OPTIMIZATION_LEVEL = "-Onone";
			};
			name = Debug;
		};
		DE4CF9BF24698C5B005469CB /* Release */ = {
			isa = XCBuildConfiguration;
			buildSettings = {
				ALWAYS_SEARCH_USER_PATHS = NO;
				CLANG_ANALYZER_NONNULL = YES;
				CLANG_ANALYZER_NUMBER_OBJECT_CONVERSION = YES_AGGRESSIVE;
				CLANG_CXX_LANGUAGE_STANDARD = "gnu++14";
				CLANG_CXX_LIBRARY = "libc++";
				CLANG_ENABLE_MODULES = YES;
				CLANG_ENABLE_OBJC_ARC = YES;
				CLANG_ENABLE_OBJC_WEAK = YES;
				CLANG_WARN_BLOCK_CAPTURE_AUTORELEASING = YES;
				CLANG_WARN_BOOL_CONVERSION = YES;
				CLANG_WARN_COMMA = YES;
				CLANG_WARN_CONSTANT_CONVERSION = YES;
				CLANG_WARN_DEPRECATED_OBJC_IMPLEMENTATIONS = YES;
				CLANG_WARN_DIRECT_OBJC_ISA_USAGE = YES_ERROR;
				CLANG_WARN_DOCUMENTATION_COMMENTS = YES;
				CLANG_WARN_EMPTY_BODY = YES;
				CLANG_WARN_ENUM_CONVERSION = YES;
				CLANG_WARN_INFINITE_RECURSION = YES;
				CLANG_WARN_INT_CONVERSION = YES;
				CLANG_WARN_NON_LITERAL_NULL_CONVERSION = YES;
				CLANG_WARN_OBJC_IMPLICIT_RETAIN_SELF = YES;
				CLANG_WARN_OBJC_LITERAL_CONVERSION = YES;
				CLANG_WARN_OBJC_ROOT_CLASS = YES_ERROR;
				CLANG_WARN_RANGE_LOOP_ANALYSIS = YES;
				CLANG_WARN_STRICT_PROTOTYPES = YES;
				CLANG_WARN_SUSPICIOUS_MOVE = YES;
				CLANG_WARN_UNGUARDED_AVAILABILITY = YES_AGGRESSIVE;
				CLANG_WARN_UNREACHABLE_CODE = YES;
				CLANG_WARN__DUPLICATE_METHOD_MATCH = YES;
				COPY_PHASE_STRIP = NO;
				DEBUG_INFORMATION_FORMAT = "dwarf-with-dsym";
				ENABLE_NS_ASSERTIONS = NO;
				ENABLE_STRICT_OBJC_MSGSEND = YES;
				GCC_C_LANGUAGE_STANDARD = gnu11;
				GCC_NO_COMMON_BLOCKS = YES;
				GCC_WARN_64_TO_32_BIT_CONVERSION = YES;
				GCC_WARN_ABOUT_RETURN_TYPE = YES_ERROR;
				GCC_WARN_UNDECLARED_SELECTOR = YES;
				GCC_WARN_UNINITIALIZED_AUTOS = YES_AGGRESSIVE;
				GCC_WARN_UNUSED_FUNCTION = YES;
				GCC_WARN_UNUSED_VARIABLE = YES;
				IPHONEOS_DEPLOYMENT_TARGET = 13.4;
				MTL_ENABLE_DEBUG_INFO = NO;
				MTL_FAST_MATH = YES;
				SDKROOT = iphoneos;
				SWIFT_COMPILATION_MODE = wholemodule;
				SWIFT_OPTIMIZATION_LEVEL = "-O";
				VALIDATE_PRODUCT = YES;
			};
			name = Release;
		};
		DE4CF9C124698C5B005469CB /* Debug */ = {
			isa = XCBuildConfiguration;
			baseConfigurationReference = 7CE25F1B525FDD48DA478ED6 /* Pods-movieApp.debug.xcconfig */;
			buildSettings = {
				ASSETCATALOG_COMPILER_APPICON_NAME = AppIcon;
				CODE_SIGN_STYLE = Automatic;
				INFOPLIST_FILE = movieApp/Info.plist;
				LD_RUNPATH_SEARCH_PATHS = (
					"$(inherited)",
					"@executable_path/Frameworks",
				);
				PRODUCT_BUNDLE_IDENTIFIER = MLS.movieApp;
				PRODUCT_NAME = "$(TARGET_NAME)";
				SWIFT_VERSION = 5.0;
				TARGETED_DEVICE_FAMILY = "1,2";
			};
			name = Debug;
		};
		DE4CF9C224698C5B005469CB /* Release */ = {
			isa = XCBuildConfiguration;
			baseConfigurationReference = E697B364C05320867C711677 /* Pods-movieApp.release.xcconfig */;
			buildSettings = {
				ASSETCATALOG_COMPILER_APPICON_NAME = AppIcon;
				CODE_SIGN_STYLE = Automatic;
				INFOPLIST_FILE = movieApp/Info.plist;
				LD_RUNPATH_SEARCH_PATHS = (
					"$(inherited)",
					"@executable_path/Frameworks",
				);
				PRODUCT_BUNDLE_IDENTIFIER = MLS.movieApp;
				PRODUCT_NAME = "$(TARGET_NAME)";
				SWIFT_VERSION = 5.0;
				TARGETED_DEVICE_FAMILY = "1,2";
			};
			name = Release;
		};
		DE4CF9C424698C5B005469CB /* Debug */ = {
			isa = XCBuildConfiguration;
			baseConfigurationReference = FE8C1D003E4EBABDD5052796 /* Pods-movieAppTests.debug.xcconfig */;
			buildSettings = {
				ALWAYS_EMBED_SWIFT_STANDARD_LIBRARIES = YES;
				BUNDLE_LOADER = "$(TEST_HOST)";
				CODE_SIGN_STYLE = Automatic;
				INFOPLIST_FILE = movieAppTests/Info.plist;
				IPHONEOS_DEPLOYMENT_TARGET = 13.4;
				LD_RUNPATH_SEARCH_PATHS = (
					"$(inherited)",
					"@executable_path/Frameworks",
					"@loader_path/Frameworks",
				);
				PRODUCT_BUNDLE_IDENTIFIER = MLS.movieAppTests;
				PRODUCT_NAME = "$(TARGET_NAME)";
				SWIFT_VERSION = 5.0;
				TARGETED_DEVICE_FAMILY = "1,2";
				TEST_HOST = "$(BUILT_PRODUCTS_DIR)/movieApp.app/movieApp";
			};
			name = Debug;
		};
		DE4CF9C524698C5B005469CB /* Release */ = {
			isa = XCBuildConfiguration;
			baseConfigurationReference = C4CFAAD61A6553779220DC74 /* Pods-movieAppTests.release.xcconfig */;
			buildSettings = {
				ALWAYS_EMBED_SWIFT_STANDARD_LIBRARIES = YES;
				BUNDLE_LOADER = "$(TEST_HOST)";
				CODE_SIGN_STYLE = Automatic;
				INFOPLIST_FILE = movieAppTests/Info.plist;
				IPHONEOS_DEPLOYMENT_TARGET = 13.4;
				LD_RUNPATH_SEARCH_PATHS = (
					"$(inherited)",
					"@executable_path/Frameworks",
					"@loader_path/Frameworks",
				);
				PRODUCT_BUNDLE_IDENTIFIER = MLS.movieAppTests;
				PRODUCT_NAME = "$(TARGET_NAME)";
				SWIFT_VERSION = 5.0;
				TARGETED_DEVICE_FAMILY = "1,2";
				TEST_HOST = "$(BUILT_PRODUCTS_DIR)/movieApp.app/movieApp";
			};
			name = Release;
		};
		DE4CF9C724698C5B005469CB /* Debug */ = {
			isa = XCBuildConfiguration;
			baseConfigurationReference = 98A2D8015C4AEA90FC9D0DA9 /* Pods-movieApp-movieAppUITests.debug.xcconfig */;
			buildSettings = {
				ALWAYS_EMBED_SWIFT_STANDARD_LIBRARIES = YES;
				CODE_SIGN_STYLE = Automatic;
				INFOPLIST_FILE = movieAppUITests/Info.plist;
				LD_RUNPATH_SEARCH_PATHS = (
					"$(inherited)",
					"@executable_path/Frameworks",
					"@loader_path/Frameworks",
				);
				PRODUCT_BUNDLE_IDENTIFIER = MLS.movieAppUITests;
				PRODUCT_NAME = "$(TARGET_NAME)";
				SWIFT_VERSION = 5.0;
				TARGETED_DEVICE_FAMILY = "1,2";
				TEST_TARGET_NAME = movieApp;
			};
			name = Debug;
		};
		DE4CF9C824698C5B005469CB /* Release */ = {
			isa = XCBuildConfiguration;
			baseConfigurationReference = 9BAB4BB696752ADF7009D956 /* Pods-movieApp-movieAppUITests.release.xcconfig */;
			buildSettings = {
				ALWAYS_EMBED_SWIFT_STANDARD_LIBRARIES = YES;
				CODE_SIGN_STYLE = Automatic;
				INFOPLIST_FILE = movieAppUITests/Info.plist;
				LD_RUNPATH_SEARCH_PATHS = (
					"$(inherited)",
					"@executable_path/Frameworks",
					"@loader_path/Frameworks",
				);
				PRODUCT_BUNDLE_IDENTIFIER = MLS.movieAppUITests;
				PRODUCT_NAME = "$(TARGET_NAME)";
				SWIFT_VERSION = 5.0;
				TARGETED_DEVICE_FAMILY = "1,2";
				TEST_TARGET_NAME = movieApp;
			};
			name = Release;
		};
/* End XCBuildConfiguration section */

/* Begin XCConfigurationList section */
		DE4CF99124698C56005469CB /* Build configuration list for PBXProject "movieApp" */ = {
			isa = XCConfigurationList;
			buildConfigurations = (
				DE4CF9BE24698C5B005469CB /* Debug */,
				DE4CF9BF24698C5B005469CB /* Release */,
			);
			defaultConfigurationIsVisible = 0;
			defaultConfigurationName = Release;
		};
		DE4CF9C024698C5B005469CB /* Build configuration list for PBXNativeTarget "movieApp" */ = {
			isa = XCConfigurationList;
			buildConfigurations = (
				DE4CF9C124698C5B005469CB /* Debug */,
				DE4CF9C224698C5B005469CB /* Release */,
			);
			defaultConfigurationIsVisible = 0;
			defaultConfigurationName = Release;
		};
		DE4CF9C324698C5B005469CB /* Build configuration list for PBXNativeTarget "movieAppTests" */ = {
			isa = XCConfigurationList;
			buildConfigurations = (
				DE4CF9C424698C5B005469CB /* Debug */,
				DE4CF9C524698C5B005469CB /* Release */,
			);
			defaultConfigurationIsVisible = 0;
			defaultConfigurationName = Release;
		};
		DE4CF9C624698C5B005469CB /* Build configuration list for PBXNativeTarget "movieAppUITests" */ = {
			isa = XCConfigurationList;
			buildConfigurations = (
				DE4CF9C724698C5B005469CB /* Debug */,
				DE4CF9C824698C5B005469CB /* Release */,
			);
			defaultConfigurationIsVisible = 0;
			defaultConfigurationName = Release;
		};
/* End XCConfigurationList section */
	};
	rootObject = DE4CF98E24698C56005469CB /* Project object */;
}
