// !$*UTF8*$!
{
	archiveVersion = 1;
	classes = {
	};
	objectVersion = 50;
	objects = {

/* Begin PBXBuildFile section */
		DE4CF99A24698C56005469CB /* AppDelegate.swift in Sources */ = {isa = PBXBuildFile; fileRef = DE4CF99924698C56005469CB /* AppDelegate.swift */; };
		DE4CF99C24698C56005469CB /* SceneDelegate.swift in Sources */ = {isa = PBXBuildFile; fileRef = DE4CF99B24698C56005469CB /* SceneDelegate.swift */; };
		DE4CF99E24698C56005469CB /* ViewController.swift in Sources */ = {isa = PBXBuildFile; fileRef = DE4CF99D24698C56005469CB /* ViewController.swift */; };
		DE4CF9A124698C56005469CB /* Main.storyboard in Resources */ = {isa = PBXBuildFile; fileRef = DE4CF99F24698C56005469CB /* Main.storyboard */; };
		DE4CF9A324698C5B005469CB /* Assets.xcassets in Resources */ = {isa = PBXBuildFile; fileRef = DE4CF9A224698C5B005469CB /* Assets.xcassets */; };
		DE4CF9A624698C5B005469CB /* LaunchScreen.storyboard in Resources */ = {isa = PBXBuildFile; fileRef = DE4CF9A424698C5B005469CB /* LaunchScreen.storyboard */; };
		DE4CF9B124698C5B005469CB /* movieAppTests.swift in Sources */ = {isa = PBXBuildFile; fileRef = DE4CF9B024698C5B005469CB /* movieAppTests.swift */; };
		DE4CF9BC24698C5B005469CB /* movieAppUITests.swift in Sources */ = {isa = PBXBuildFile; fileRef = DE4CF9BB24698C5B005469CB /* movieAppUITests.swift */; };
/* End PBXBuildFile section */

/* Begin PBXContainerItemProxy section */
		DE4CF9AD24698C5B005469CB /* PBXContainerItemProxy */ = {
			isa = PBXContainerItemProxy;
			containerPortal = DE4CF98E24698C56005469CB /* Project object */;
			proxyType = 1;
			remoteGlobalIDString = DE4CF99524698C56005469CB;
			remoteInfo = movieApp;
		};
		DE4CF9B824698C5B005469CB /* PBXContainerItemProxy */ = {
			isa = PBXContainerItemProxy;
			containerPortal = DE4CF98E24698C56005469CB /* Project object */;
			proxyType = 1;
			remoteGlobalIDString = DE4CF99524698C56005469CB;
			remoteInfo = movieApp;
		};
/* End PBXContainerItemProxy section */

/* Begin PBXFileReference section */
		DE4CF99624698C56005469CB /* movieApp.app */ = {isa = PBXFileReference; explicitFileType = wrapper.application; includeInIndex = 0; path = movieApp.app; sourceTree = BUILT_PRODUCTS_DIR; };
		DE4CF99924698C56005469CB /* AppDelegate.swift */ = {isa = PBXFileReference; lastKnownFileType = sourcecode.swift; path = AppDelegate.swift; sourceTree = "<group>"; };
		DE4CF99B24698C56005469CB /* SceneDelegate.swift */ = {isa = PBXFileReference; lastKnownFileType = sourcecode.swift; path = SceneDelegate.swift; sourceTree = "<group>"; };
		DE4CF99D24698C56005469CB /* ViewController.swift */ = {isa = PBXFileReference; lastKnownFileType = sourcecode.swift; path = ViewController.swift; sourceTree = "<group>"; };
		DE4CF9A024698C56005469CB /* Base */ = {isa = PBXFileReference; lastKnownFileType = file.storyboard; name = Base; path = Base.lproj/Main.storyboard; sourceTree = "<group>"; };
		DE4CF9A224698C5B005469CB /* Assets.xcassets */ = {isa = PBXFileReference; lastKnownFileType = folder.assetcatalog; path = Assets.xcassets; sourceTree = "<group>"; };
		DE4CF9A524698C5B005469CB /* Base */ = {isa = PBXFileReference; lastKnownFileType = file.storyboard; name = Base; path = Base.lproj/LaunchScreen.storyboard; sourceTree = "<group>"; };
		DE4CF9A724698C5B005469CB /* Info.plist */ = {isa = PBXFileReference; lastKnownFileType = text.plist.xml; path = Info.plist; sourceTree = "<group>"; };
		DE4CF9AC24698C5B005469CB /* movieAppTests.xctest */ = {isa = PBXFileReference; explicitFileType = wrapper.cfbundle; includeInIndex = 0; path = movieAppTests.xctest; sourceTree = BUILT_PRODUCTS_DIR; };
		DE4CF9B024698C5B005469CB /* movieAppTests.swift */ = {isa = PBXFileReference; lastKnownFileType = sourcecode.swift; path = movieAppTests.swift; sourceTree = "<group>"; };
		DE4CF9B224698C5B005469CB /* Info.plist */ = {isa = PBXFileReference; lastKnownFileType = text.plist.xml; path = Info.plist; sourceTree = "<group>"; };
		DE4CF9B724698C5B005469CB /* movieAppUITests.xctest */ = {isa = PBXFileReference; explicitFileType = wrapper.cfbundle; includeInIndex = 0; path = movieAppUITests.xctest; sourceTree = BUILT_PRODUCTS_DIR; };
		DE4CF9BB24698C5B005469CB /* movieAppUITests.swift */ = {isa = PBXFileReference; lastKnownFileType = sourcecode.swift; path = movieAppUITests.swift; sourceTree = "<group>"; };
		DE4CF9BD24698C5B005469CB /* Info.plist */ = {isa = PBXFileReference; lastKnownFileType = text.plist.xml; path = Info.plist; sourceTree = "<group>"; };
/* End PBXFileReference section */

/* Begin PBXFrameworksBuildPhase section */
		DE4CF99324698C56005469CB /* Frameworks */ = {
			isa = PBXFrameworksBuildPhase;
			buildActionMask = 2147483647;
			files = (
			);
			runOnlyForDeploymentPostprocessing = 0;
		};
		DE4CF9A924698C5B005469CB /* Frameworks */ = {
			isa = PBXFrameworksBuildPhase;
			buildActionMask = 2147483647;
			files = (
			);
			runOnlyForDeploymentPostprocessing = 0;
		};
		DE4CF9B424698C5B005469CB /* Frameworks */ = {
			isa = PBXFrameworksBuildPhase;
			buildActionMask = 2147483647;
			files = (
			);
			runOnlyForDeploymentPostprocessing = 0;
		};
/* End PBXFrameworksBuildPhase section */

/* Begin PBXGroup section */
		DE4CF98D24698C56005469CB = {
			isa = PBXGroup;
			children = (
				DE4CF99824698C56005469CB /* movieApp */,
				DE4CF9AF24698C5B005469CB /* movieAppTests */,
				DE4CF9BA24698C5B005469CB /* movieAppUITests */,
				DE4CF99724698C56005469CB /* Products */,
			);
			sourceTree = "<group>";
		};
		DE4CF99724698C56005469CB /* Products */ = {
			isa = PBXGroup;
			children = (
				DE4CF99624698C56005469CB /* movieApp.app */,
				DE4CF9AC24698C5B005469CB /* movieAppTests.xctest */,
				DE4CF9B724698C5B005469CB /* movieAppUITests.xctest */,
			);
			name = Products;
			sourceTree = "<group>";
		};
		DE4CF99824698C56005469CB /* movieApp */ = {
			isa = PBXGroup;
			children = (
				DE4CF99924698C56005469CB /* AppDelegate.swift */,
				DE4CF99B24698C56005469CB /* SceneDelegate.swift */,
				DE4CF99D24698C56005469CB /* ViewController.swift */,
				DE4CF99F24698C56005469CB /* Main.storyboard */,
				DE4CF9A224698C5B005469CB /* Assets.xcassets */,
				DE4CF9A424698C5B005469CB /* LaunchScreen.storyboard */,
				DE4CF9A724698C5B005469CB /* Info.plist */,
			);
			path = movieApp;
			sourceTree = "<group>";
		};
		DE4CF9AF24698C5B005469CB /* movieAppTests */ = {
			isa = PBXGroup;
			children = (
				DE4CF9B024698C5B005469CB /* movieAppTests.swift */,
				DE4CF9B224698C5B005469CB /* Info.plist */,
			);
			path = movieAppTests;
			sourceTree = "<group>";
		};
		DE4CF9BA24698C5B005469CB /* movieAppUITests */ = {
			isa = PBXGroup;
			children = (
				DE4CF9BB24698C5B005469CB /* movieAppUITests.swift */,
				DE4CF9BD24698C5B005469CB /* Info.plist */,
			);
			path = movieAppUITests;
			sourceTree = "<group>";
		};
/* End PBXGroup section */

/* Begin PBXNativeTarget section */
		DE4CF99524698C56005469CB /* movieApp */ = {
			isa = PBXNativeTarget;
			buildConfigurationList = DE4CF9C024698C5B005469CB /* Build configuration list for PBXNativeTarget "movieApp" */;
			buildPhases = (
				DE4CF99224698C56005469CB /* Sources */,
				DE4CF99324698C56005469CB /* Frameworks */,
				DE4CF99424698C56005469CB /* Resources */,
			);
			buildRules = (
			);
			dependencies = (
			);
			name = movieApp;
			productName = movieApp;
			productReference = DE4CF99624698C56005469CB /* movieApp.app */;
			productType = "com.apple.product-type.application";
		};
		DE4CF9AB24698C5B005469CB /* movieAppTests */ = {
			isa = PBXNativeTarget;
			buildConfigurationList = DE4CF9C324698C5B005469CB /* Build configuration list for PBXNativeTarget "movieAppTests" */;
			buildPhases = (
				DE4CF9A824698C5B005469CB /* Sources */,
				DE4CF9A924698C5B005469CB /* Frameworks */,
				DE4CF9AA24698C5B005469CB /* Resources */,
			);
			buildRules = (
			);
			dependencies = (
				DE4CF9AE24698C5B005469CB /* PBXTargetDependency */,
			);
			name = movieAppTests;
			productName = movieAppTests;
			productReference = DE4CF9AC24698C5B005469CB /* movieAppTests.xctest */;
			productType = "com.apple.product-type.bundle.unit-test";
		};
		DE4CF9B624698C5B005469CB /* movieAppUITests */ = {
			isa = PBXNativeTarget;
			buildConfigurationList = DE4CF9C624698C5B005469CB /* Build configuration list for PBXNativeTarget "movieAppUITests" */;
			buildPhases = (
				DE4CF9B324698C5B005469CB /* Sources */,
				DE4CF9B424698C5B005469CB /* Frameworks */,
				DE4CF9B524698C5B005469CB /* Resources */,
			);
			buildRules = (
			);
			dependencies = (
				DE4CF9B924698C5B005469CB /* PBXTargetDependency */,
			);
			name = movieAppUITests;
			productName = movieAppUITests;
			productReference = DE4CF9B724698C5B005469CB /* movieAppUITests.xctest */;
			productType = "com.apple.product-type.bundle.ui-testing";
		};
/* End PBXNativeTarget section */

/* Begin PBXProject section */
		DE4CF98E24698C56005469CB /* Project object */ = {
			isa = PBXProject;
			attributes = {
				LastSwiftUpdateCheck = 1140;
				LastUpgradeCheck = 1140;
				ORGANIZATIONNAME = "Mattia La Spina";
				TargetAttributes = {
					DE4CF99524698C56005469CB = {
						CreatedOnToolsVersion = 11.4.1;
					};
					DE4CF9AB24698C5B005469CB = {
						CreatedOnToolsVersion = 11.4.1;
						TestTargetID = DE4CF99524698C56005469CB;
					};
					DE4CF9B624698C5B005469CB = {
						CreatedOnToolsVersion = 11.4.1;
						TestTargetID = DE4CF99524698C56005469CB;
					};
				};
			};
			buildConfigurationList = DE4CF99124698C56005469CB /* Build configuration list for PBXProject "movieApp" */;
			compatibilityVersion = "Xcode 9.3";
			developmentRegion = en;
			hasScannedForEncodings = 0;
			knownRegions = (
				en,
				Base,
			);
			mainGroup = DE4CF98D24698C56005469CB;
			productRefGroup = DE4CF99724698C56005469CB /* Products */;
			projectDirPath = "";
			projectRoot = "";
			targets = (
				DE4CF99524698C56005469CB /* movieApp */,
				DE4CF9AB24698C5B005469CB /* movieAppTests */,
				DE4CF9B624698C5B005469CB /* movieAppUITests */,
			);
		};
/* End PBXProject section */

/* Begin PBXResourcesBuildPhase section */
		DE4CF99424698C56005469CB /* Resources */ = {
			isa = PBXResourcesBuildPhase;
			buildActionMask = 2147483647;
			files = (
				DE4CF9A624698C5B005469CB /* LaunchScreen.storyboard in Resources */,
				DE4CF9A324698C5B005469CB /* Assets.xcassets in Resources */,
				DE4CF9A124698C56005469CB /* Main.storyboard in Resources */,
			);
			runOnlyForDeploymentPostprocessing = 0;
		};
		DE4CF9AA24698C5B005469CB /* Resources */ = {
			isa = PBXResourcesBuildPhase;
			buildActionMask = 2147483647;
			files = (
			);
			runOnlyForDeploymentPostprocessing = 0;
		};
		DE4CF9B524698C5B005469CB /* Resources */ = {
			isa = PBXResourcesBuildPhase;
			buildActionMask = 2147483647;
			files = (
			);
			runOnlyForDeploymentPostprocessing = 0;
		};
/* End PBXResourcesBuildPhase section */

/* Begin PBXSourcesBuildPhase section */
		DE4CF99224698C56005469CB /* Sources */ = {
			isa = PBXSourcesBuildPhase;
			buildActionMask = 2147483647;
			files = (
				DE4CF99E24698C56005469CB /* ViewController.swift in Sources */,
				DE4CF99A24698C56005469CB /* AppDelegate.swift in Sources */,
				DE4CF99C24698C56005469CB /* SceneDelegate.swift in Sources */,
			);
			runOnlyForDeploymentPostprocessing = 0;
		};
		DE4CF9A824698C5B005469CB /* Sources */ = {
			isa = PBXSourcesBuildPhase;
			buildActionMask = 2147483647;
			files = (
				DE4CF9B124698C5B005469CB /* movieAppTests.swift in Sources */,
			);
			runOnlyForDeploymentPostprocessing = 0;
		};
		DE4CF9B324698C5B005469CB /* Sources */ = {
			isa = PBXSourcesBuildPhase;
			buildActionMask = 2147483647;
			files = (
				DE4CF9BC24698C5B005469CB /* movieAppUITests.swift in Sources */,
			);
			runOnlyForDeploymentPostprocessing = 0;
		};
/* End PBXSourcesBuildPhase section */

/* Begin PBXTargetDependency section */
		DE4CF9AE24698C5B005469CB /* PBXTargetDependency */ = {
			isa = PBXTargetDependency;
			target = DE4CF99524698C56005469CB /* movieApp */;
			targetProxy = DE4CF9AD24698C5B005469CB /* PBXContainerItemProxy */;
		};
		DE4CF9B924698C5B005469CB /* PBXTargetDependency */ = {
			isa = PBXTargetDependency;
			target = DE4CF99524698C56005469CB /* movieApp */;
			targetProxy = DE4CF9B824698C5B005469CB /* PBXContainerItemProxy */;
		};
/* End PBXTargetDependency section */

/* Begin PBXVariantGroup section */
		DE4CF99F24698C56005469CB /* Main.storyboard */ = {
			isa = PBXVariantGroup;
			children = (
				DE4CF9A024698C56005469CB /* Base */,
			);
			name = Main.storyboard;
			sourceTree = "<group>";
		};
		DE4CF9A424698C5B005469CB /* LaunchScreen.storyboard */ = {
			isa = PBXVariantGroup;
			children = (
				DE4CF9A524698C5B005469CB /* Base */,
			);
			name = LaunchScreen.storyboard;
			sourceTree = "<group>";
		};
/* End PBXVariantGroup section */

/* Begin XCBuildConfiguration section */
		DE4CF9BE24698C5B005469CB /* Debug */ = {
			isa = XCBuildConfiguration;
			buildSettings = {
				ALWAYS_SEARCH_USER_PATHS = NO;
				CLANG_ANALYZER_NONNULL = YES;
				CLANG_ANALYZER_NUMBER_OBJECT_CONVERSION = YES_AGGRESSIVE;
				CLANG_CXX_LANGUAGE_STANDARD = "gnu++14";
				CLANG_CXX_LIBRARY = "libc++";
				CLANG_ENABLE_MODULES = YES;
				CLANG_ENABLE_OBJC_ARC = YES;
				CLANG_ENABLE_OBJC_WEAK = YES;
				CLANG_WARN_BLOCK_CAPTURE_AUTORELEASING = YES;
				CLANG_WARN_BOOL_CONVERSION = YES;
				CLANG_WARN_COMMA = YES;
				CLANG_WARN_CONSTANT_CONVERSION = YES;
				CLANG_WARN_DEPRECATED_OBJC_IMPLEMENTATIONS = YES;
				CLANG_WARN_DIRECT_OBJC_ISA_USAGE = YES_ERROR;
				CLANG_WARN_DOCUMENTATION_COMMENTS = YES;
				CLANG_WARN_EMPTY_BODY = YES;
				CLANG_WARN_ENUM_CONVERSION = YES;
				CLANG_WARN_INFINITE_RECURSION = YES;
				CLANG_WARN_INT_CONVERSION = YES;
				CLANG_WARN_NON_LITERAL_NULL_CONVERSION = YES;
				CLANG_WARN_OBJC_IMPLICIT_RETAIN_SELF = YES;
				CLANG_WARN_OBJC_LITERAL_CONVERSION = YES;
				CLANG_WARN_OBJC_ROOT_CLASS = YES_ERROR;
				CLANG_WARN_RANGE_LOOP_ANALYSIS = YES;
				CLANG_WARN_STRICT_PROTOTYPES = YES;
				CLANG_WARN_SUSPICIOUS_MOVE = YES;
				CLANG_WARN_UNGUARDED_AVAILABILITY = YES_AGGRESSIVE;
				CLANG_WARN_UNREACHABLE_CODE = YES;
				CLANG_WARN__DUPLICATE_METHOD_MATCH = YES;
				COPY_PHASE_STRIP = NO;
				DEBUG_INFORMATION_FORMAT = dwarf;
				ENABLE_STRICT_OBJC_MSGSEND = YES;
				ENABLE_TESTABILITY = YES;
				GCC_C_LANGUAGE_STANDARD = gnu11;
				GCC_DYNAMIC_NO_PIC = NO;
				GCC_NO_COMMON_BLOCKS = YES;
				GCC_OPTIMIZATION_LEVEL = 0;
				GCC_PREPROCESSOR_DEFINITIONS = (
					"DEBUG=1",
					"$(inherited)",
				);
				GCC_WARN_64_TO_32_BIT_CONVERSION = YES;
				GCC_WARN_ABOUT_RETURN_TYPE = YES_ERROR;
				GCC_WARN_UNDECLARED_SELECTOR = YES;
				GCC_WARN_UNINITIALIZED_AUTOS = YES_AGGRESSIVE;
				GCC_WARN_UNUSED_FUNCTION = YES;
				GCC_WARN_UNUSED_VARIABLE = YES;
				IPHONEOS_DEPLOYMENT_TARGET = 13.4;
				MTL_ENABLE_DEBUG_INFO = INCLUDE_SOURCE;
				MTL_FAST_MATH = YES;
				ONLY_ACTIVE_ARCH = YES;
				SDKROOT = iphoneos;
				SWIFT_ACTIVE_COMPILATION_CONDITIONS = DEBUG;
				SWIFT_OPTIMIZATION_LEVEL = "-Onone";
			};
			name = Debug;
		};
		DE4CF9BF24698C5B005469CB /* Release */ = {
			isa = XCBuildConfiguration;
			buildSettings = {
				ALWAYS_SEARCH_USER_PATHS = NO;
				CLANG_ANALYZER_NONNULL = YES;
				CLANG_ANALYZER_NUMBER_OBJECT_CONVERSION = YES_AGGRESSIVE;
				CLANG_CXX_LANGUAGE_STANDARD = "gnu++14";
				CLANG_CXX_LIBRARY = "libc++";
				CLANG_ENABLE_MODULES = YES;
				CLANG_ENABLE_OBJC_ARC = YES;
				CLANG_ENABLE_OBJC_WEAK = YES;
				CLANG_WARN_BLOCK_CAPTURE_AUTORELEASING = YES;
				CLANG_WARN_BOOL_CONVERSION = YES;
				CLANG_WARN_COMMA = YES;
				CLANG_WARN_CONSTANT_CONVERSION = YES;
				CLANG_WARN_DEPRECATED_OBJC_IMPLEMENTATIONS = YES;
				CLANG_WARN_DIRECT_OBJC_ISA_USAGE = YES_ERROR;
				CLANG_WARN_DOCUMENTATION_COMMENTS = YES;
				CLANG_WARN_EMPTY_BODY = YES;
				CLANG_WARN_ENUM_CONVERSION = YES;
				CLANG_WARN_INFINITE_RECURSION = YES;
				CLANG_WARN_INT_CONVERSION = YES;
				CLANG_WARN_NON_LITERAL_NULL_CONVERSION = YES;
				CLANG_WARN_OBJC_IMPLICIT_RETAIN_SELF = YES;
				CLANG_WARN_OBJC_LITERAL_CONVERSION = YES;
				CLANG_WARN_OBJC_ROOT_CLASS = YES_ERROR;
				CLANG_WARN_RANGE_LOOP_ANALYSIS = YES;
				CLANG_WARN_STRICT_PROTOTYPES = YES;
				CLANG_WARN_SUSPICIOUS_MOVE = YES;
				CLANG_WARN_UNGUARDED_AVAILABILITY = YES_AGGRESSIVE;
				CLANG_WARN_UNREACHABLE_CODE = YES;
				CLANG_WARN__DUPLICATE_METHOD_MATCH = YES;
				COPY_PHASE_STRIP = NO;
				DEBUG_INFORMATION_FORMAT = "dwarf-with-dsym";
				ENABLE_NS_ASSERTIONS = NO;
				ENABLE_STRICT_OBJC_MSGSEND = YES;
				GCC_C_LANGUAGE_STANDARD = gnu11;
				GCC_NO_COMMON_BLOCKS = YES;
				GCC_WARN_64_TO_32_BIT_CONVERSION = YES;
				GCC_WARN_ABOUT_RETURN_TYPE = YES_ERROR;
				GCC_WARN_UNDECLARED_SELECTOR = YES;
				GCC_WARN_UNINITIALIZED_AUTOS = YES_AGGRESSIVE;
				GCC_WARN_UNUSED_FUNCTION = YES;
				GCC_WARN_UNUSED_VARIABLE = YES;
				IPHONEOS_DEPLOYMENT_TARGET = 13.4;
				MTL_ENABLE_DEBUG_INFO = NO;
				MTL_FAST_MATH = YES;
				SDKROOT = iphoneos;
				SWIFT_COMPILATION_MODE = wholemodule;
				SWIFT_OPTIMIZATION_LEVEL = "-O";
				VALIDATE_PRODUCT = YES;
			};
			name = Release;
		};
		DE4CF9C124698C5B005469CB /* Debug */ = {
			isa = XCBuildConfiguration;
			buildSettings = {
				ASSETCATALOG_COMPILER_APPICON_NAME = AppIcon;
				CODE_SIGN_STYLE = Automatic;
				INFOPLIST_FILE = movieApp/Info.plist;
				LD_RUNPATH_SEARCH_PATHS = (
					"$(inherited)",
					"@executable_path/Frameworks",
				);
				PRODUCT_BUNDLE_IDENTIFIER = MLS.movieApp;
				PRODUCT_NAME = "$(TARGET_NAME)";
				SWIFT_VERSION = 5.0;
				TARGETED_DEVICE_FAMILY = "1,2";
			};
			name = Debug;
		};
		DE4CF9C224698C5B005469CB /* Release */ = {
			isa = XCBuildConfiguration;
			buildSettings = {
				ASSETCATALOG_COMPILER_APPICON_NAME = AppIcon;
				CODE_SIGN_STYLE = Automatic;
				INFOPLIST_FILE = movieApp/Info.plist;
				LD_RUNPATH_SEARCH_PATHS = (
					"$(inherited)",
					"@executable_path/Frameworks",
				);
				PRODUCT_BUNDLE_IDENTIFIER = MLS.movieApp;
				PRODUCT_NAME = "$(TARGET_NAME)";
				SWIFT_VERSION = 5.0;
				TARGETED_DEVICE_FAMILY = "1,2";
			};
			name = Release;
		};
		DE4CF9C424698C5B005469CB /* Debug */ = {
			isa = XCBuildConfiguration;
			buildSettings = {
				ALWAYS_EMBED_SWIFT_STANDARD_LIBRARIES = YES;
				BUNDLE_LOADER = "$(TEST_HOST)";
				CODE_SIGN_STYLE = Automatic;
				INFOPLIST_FILE = movieAppTests/Info.plist;
				IPHONEOS_DEPLOYMENT_TARGET = 13.4;
				LD_RUNPATH_SEARCH_PATHS = (
					"$(inherited)",
					"@executable_path/Frameworks",
					"@loader_path/Frameworks",
				);
				PRODUCT_BUNDLE_IDENTIFIER = MLS.movieAppTests;
				PRODUCT_NAME = "$(TARGET_NAME)";
				SWIFT_VERSION = 5.0;
				TARGETED_DEVICE_FAMILY = "1,2";
				TEST_HOST = "$(BUILT_PRODUCTS_DIR)/movieApp.app/movieApp";
			};
			name = Debug;
		};
		DE4CF9C524698C5B005469CB /* Release */ = {
			isa = XCBuildConfiguration;
			buildSettings = {
				ALWAYS_EMBED_SWIFT_STANDARD_LIBRARIES = YES;
				BUNDLE_LOADER = "$(TEST_HOST)";
				CODE_SIGN_STYLE = Automatic;
				INFOPLIST_FILE = movieAppTests/Info.plist;
				IPHONEOS_DEPLOYMENT_TARGET = 13.4;
				LD_RUNPATH_SEARCH_PATHS = (
					"$(inherited)",
					"@executable_path/Frameworks",
					"@loader_path/Frameworks",
				);
				PRODUCT_BUNDLE_IDENTIFIER = MLS.movieAppTests;
				PRODUCT_NAME = "$(TARGET_NAME)";
				SWIFT_VERSION = 5.0;
				TARGETED_DEVICE_FAMILY = "1,2";
				TEST_HOST = "$(BUILT_PRODUCTS_DIR)/movieApp.app/movieApp";
			};
			name = Release;
		};
		DE4CF9C724698C5B005469CB /* Debug */ = {
			isa = XCBuildConfiguration;
			buildSettings = {
				ALWAYS_EMBED_SWIFT_STANDARD_LIBRARIES = YES;
				CODE_SIGN_STYLE = Automatic;
				INFOPLIST_FILE = movieAppUITests/Info.plist;
				LD_RUNPATH_SEARCH_PATHS = (
					"$(inherited)",
					"@executable_path/Frameworks",
					"@loader_path/Frameworks",
				);
				PRODUCT_BUNDLE_IDENTIFIER = MLS.movieAppUITests;
				PRODUCT_NAME = "$(TARGET_NAME)";
				SWIFT_VERSION = 5.0;
				TARGETED_DEVICE_FAMILY = "1,2";
				TEST_TARGET_NAME = movieApp;
			};
			name = Debug;
		};
		DE4CF9C824698C5B005469CB /* Release */ = {
			isa = XCBuildConfiguration;
			buildSettings = {
				ALWAYS_EMBED_SWIFT_STANDARD_LIBRARIES = YES;
				CODE_SIGN_STYLE = Automatic;
				INFOPLIST_FILE = movieAppUITests/Info.plist;
				LD_RUNPATH_SEARCH_PATHS = (
					"$(inherited)",
					"@executable_path/Frameworks",
					"@loader_path/Frameworks",
				);
				PRODUCT_BUNDLE_IDENTIFIER = MLS.movieAppUITests;
				PRODUCT_NAME = "$(TARGET_NAME)";
				SWIFT_VERSION = 5.0;
				TARGETED_DEVICE_FAMILY = "1,2";
				TEST_TARGET_NAME = movieApp;
			};
			name = Release;
		};
/* End XCBuildConfiguration section */

/* Begin XCConfigurationList section */
		DE4CF99124698C56005469CB /* Build configuration list for PBXProject "movieApp" */ = {
			isa = XCConfigurationList;
			buildConfigurations = (
				DE4CF9BE24698C5B005469CB /* Debug */,
				DE4CF9BF24698C5B005469CB /* Release */,
			);
			defaultConfigurationIsVisible = 0;
			defaultConfigurationName = Release;
		};
		DE4CF9C024698C5B005469CB /* Build configuration list for PBXNativeTarget "movieApp" */ = {
			isa = XCConfigurationList;
			buildConfigurations = (
				DE4CF9C124698C5B005469CB /* Debug */,
				DE4CF9C224698C5B005469CB /* Release */,
			);
			defaultConfigurationIsVisible = 0;
			defaultConfigurationName = Release;
		};
		DE4CF9C324698C5B005469CB /* Build configuration list for PBXNativeTarget "movieAppTests" */ = {
			isa = XCConfigurationList;
			buildConfigurations = (
				DE4CF9C424698C5B005469CB /* Debug */,
				DE4CF9C524698C5B005469CB /* Release */,
			);
			defaultConfigurationIsVisible = 0;
			defaultConfigurationName = Release;
		};
		DE4CF9C624698C5B005469CB /* Build configuration list for PBXNativeTarget "movieAppUITests" */ = {
			isa = XCConfigurationList;
			buildConfigurations = (
				DE4CF9C724698C5B005469CB /* Debug */,
				DE4CF9C824698C5B005469CB /* Release */,
			);
			defaultConfigurationIsVisible = 0;
			defaultConfigurationName = Release;
		};
/* End XCConfigurationList section */
	};
	rootObject = DE4CF98E24698C56005469CB /* Project object */;
}
